
Microsoft Visual Studio Solution File, Format Version 12.00
# Visual Studio Version 17
VisualStudioVersion = 17.12.35527.113
MinimumVisualStudioVersion = 10.0.40219.1
Project("{FAE04EC0-301F-11D3-BF4B-00C04F79EFBC}") = "WordsOfWisdom.API", "WordsOfWisdom.API\WordsOfWisdom.API.csproj", "{DCB576F7-AC8D-4579-A966-807EB0DC354A}"
	ProjectSection(ProjectDependencies) = postProject
		{3B6BE3F0-9AF7-4033-A726-23262475E211} = {3B6BE3F0-9AF7-4033-A726-23262475E211}
	EndProjectSection
EndProject
Project("{FAE04EC0-301F-11D3-BF4B-00C04F79EFBC}") = "WordsOfWisdom.Client", "WordsOfWisdom.Client\WordsOfWisdom.Client.csproj", "{BAF080B6-ABE6-49BB-9E8F-491F3D806291}"
	ProjectSection(ProjectDependencies) = postProject
		{3B6BE3F0-9AF7-4033-A726-23262475E211} = {3B6BE3F0-9AF7-4033-A726-23262475E211}
	EndProjectSection
EndProject
Project("{FAE04EC0-301F-11D3-BF4B-00C04F79EFBC}") = "WordsOfWisdom.Data", "WordsOfWisdom.Data\WordsOfWisdom.Data.csproj", "{3B6BE3F0-9AF7-4033-A726-23262475E211}"
EndProject
Global
	GlobalSection(SolutionConfigurationPlatforms) = preSolution
		Debug|Any CPU = Debug|Any CPU
		Release|Any CPU = Release|Any CPU
	EndGlobalSection
	GlobalSection(ProjectConfigurationPlatforms) = postSolution
		{DCB576F7-AC8D-4579-A966-807EB0DC354A}.Debug|Any CPU.ActiveCfg = Debug|Any CPU
		{DCB576F7-AC8D-4579-A966-807EB0DC354A}.Debug|Any CPU.Build.0 = Debug|Any CPU
		{DCB576F7-AC8D-4579-A966-807EB0DC354A}.Release|Any CPU.ActiveCfg = Release|Any CPU
		{DCB576F7-AC8D-4579-A966-807EB0DC354A}.Release|Any CPU.Build.0 = Release|Any CPU
		{BAF080B6-ABE6-49BB-9E8F-491F3D806291}.Debug|Any CPU.ActiveCfg = Debug|Any CPU
		{BAF080B6-ABE6-49BB-9E8F-491F3D806291}.Debug|Any CPU.Build.0 = Debug|Any CPU
		{BAF080B6-ABE6-49BB-9E8F-491F3D806291}.Release|Any CPU.ActiveCfg = Release|Any CPU
		{BAF080B6-ABE6-49BB-9E8F-491F3D806291}.Release|Any CPU.Build.0 = Release|Any CPU
		{3B6BE3F0-9AF7-4033-A726-23262475E211}.Debug|Any CPU.ActiveCfg = Debug|Any CPU
		{3B6BE3F0-9AF7-4033-A726-23262475E211}.Debug|Any CPU.Build.0 = Debug|Any CPU
		{3B6BE3F0-9AF7-4033-A726-23262475E211}.Release|Any CPU.ActiveCfg = Release|Any CPU
		{3B6BE3F0-9AF7-4033-A726-23262475E211}.Release|Any CPU.Build.0 = Release|Any CPU
	EndGlobalSection
	GlobalSection(SolutionProperties) = preSolution
		HideSolutionNode = FALSE
	EndGlobalSection
EndGlobal
